{
  "name": "nbt-npc-text-fix",
  "lockfileVersion": 3,
  "requires": true,
  "packages": {
    "": {
      "name": "nbt-npc-text-fix",
      "dependencies": {
        "nbtify": "^1.69.420"
      },
      "devDependencies": {
        "@types/node": "^20.6.0"
      }
    },
    "node_modules/@types/node": {
      "version": "20.6.0",
      "resolved": "https://registry.npmjs.org/@types/node/-/node-20.6.0.tgz",
      "integrity": "sha512-najjVq5KN2vsH2U/xyh2opaSEz6cZMR2SetLIlxlj08nOcmPOemJmUK2o4kUzfLqfrWE0PIrNeE16XhYDd3nqg==",
      "dev": true
    },
    "node_modules/nbtify": {
      "version": "1.69.420",
      "resolved": "https://registry.npmjs.org/nbtify/-/nbtify-1.69.420.tgz",
      "integrity": "sha512-C+1s/qTLH5sQKyCHVwhJgXzgP+Ln5MFH0ltrawDmqRh6u6LyAzWoCspUPxmMSZoPx2R9PJYc4CA94RsfYsWr4w=="
    }
  }
}
